
Microsoft Visual Studio Solution File, Format Version 12.00
# Visual Studio 15
VisualStudioVersion = 15.0.28307.421
MinimumVisualStudioVersion = 10.0.40219.1
Project("{8BC9CEB8-8B4A-11D0-8D11-00A0C91BC942}") = "Project5", "Project5\Project5.vcxproj", "{338C5889-E297-4DC2-A795-6573C49DE712}"
EndProject
Global
	GlobalSection(SolutionConfigurationPlatforms) = preSolution
		Debug|x64 = Debug|x64
		Debug|x86 = Debug|x86
		Release|x64 = Release|x64
		Release|x86 = Release|x86
	EndGlobalSection
	GlobalSection(ProjectConfigurationPlatforms) = postSolution
		{338C5889-E297-4DC2-A795-6573C49DE712}.Debug|x64.ActiveCfg = Debug|x64
		{338C5889-E297-4DC2-A795-6573C49DE712}.Debug|x64.Build.0 = Debug|x64
		{338C5889-E297-4DC2-A795-6573C49DE712}.Debug|x86.ActiveCfg = Debug|Win32
		{338C5889-E297-4DC2-A795-6573C49DE712}.Debug|x86.Build.0 = Debug|Win32
		{338C5889-E297-4DC2-A795-6573C49DE712}.Release|x64.ActiveCfg = Release|x64
		{338C5889-E297-4DC2-A795-6573C49DE712}.Release|x64.Build.0 = Release|x64
		{338C5889-E297-4DC2-A795-6573C49DE712}.Release|x86.ActiveCfg = Release|Win32
		{338C5889-E297-4DC2-A795-6573C49DE712}.Release|x86.Build.0 = Release|Win32
	EndGlobalSection
	GlobalSection(SolutionProperties) = preSolution
		HideSolutionNode = FALSE
	EndGlobalSection
	GlobalSection(ExtensibilityGlobals) = postSolution
		SolutionGuid = {60FBD298-3294-4F1F-8FC0-6C2B41FF0332}
	EndGlobalSection
EndGlobal
